
Microsoft Visual Studio Solution File, Format Version 12.00
# Visual Studio 15
VisualStudioVersion = 15.0.26124.0
MinimumVisualStudioVersion = 15.0.26124.0
Project("{FAE04EC0-301F-11D3-BF4B-00C04F79EFBC}") = "Palindrome.Client", "Palindrome.Client\Palindrome.Client.csproj", "{7D47BFF6-387E-4843-BE5E-A399C658F5D8}"
EndProject
Project("{FAE04EC0-301F-11D3-BF4B-00C04F79EFBC}") = "Palindrome.Domain", "Palindrome.Domain\Palindrome.Domain.csproj", "{FBAFFCF1-0E4F-4A5F-9750-84F1B66B2038}"
EndProject
Project("{FAE04EC0-301F-11D3-BF4B-00C04F79EFBC}") = "Palindrome.Testing", "Palindrome.Testing\Palindrome.Testing.csproj", "{2B3FDBBC-EAC6-4D9A-AF88-CB0CC0369E66}"
EndProject
Global
	GlobalSection(SolutionConfigurationPlatforms) = preSolution
		Debug|Any CPU = Debug|Any CPU
		Debug|x64 = Debug|x64
		Debug|x86 = Debug|x86
		Release|Any CPU = Release|Any CPU
		Release|x64 = Release|x64
		Release|x86 = Release|x86
	EndGlobalSection
	GlobalSection(SolutionProperties) = preSolution
		HideSolutionNode = FALSE
	EndGlobalSection
	GlobalSection(ProjectConfigurationPlatforms) = postSolution
		{7D47BFF6-387E-4843-BE5E-A399C658F5D8}.Debug|Any CPU.ActiveCfg = Debug|Any CPU
		{7D47BFF6-387E-4843-BE5E-A399C658F5D8}.Debug|Any CPU.Build.0 = Debug|Any CPU
		{7D47BFF6-387E-4843-BE5E-A399C658F5D8}.Debug|x64.ActiveCfg = Debug|Any CPU
		{7D47BFF6-387E-4843-BE5E-A399C658F5D8}.Debug|x64.Build.0 = Debug|Any CPU
		{7D47BFF6-387E-4843-BE5E-A399C658F5D8}.Debug|x86.ActiveCfg = Debug|Any CPU
		{7D47BFF6-387E-4843-BE5E-A399C658F5D8}.Debug|x86.Build.0 = Debug|Any CPU
		{7D47BFF6-387E-4843-BE5E-A399C658F5D8}.Release|Any CPU.ActiveCfg = Release|Any CPU
		{7D47BFF6-387E-4843-BE5E-A399C658F5D8}.Release|Any CPU.Build.0 = Release|Any CPU
		{7D47BFF6-387E-4843-BE5E-A399C658F5D8}.Release|x64.ActiveCfg = Release|Any CPU
		{7D47BFF6-387E-4843-BE5E-A399C658F5D8}.Release|x64.Build.0 = Release|Any CPU
		{7D47BFF6-387E-4843-BE5E-A399C658F5D8}.Release|x86.ActiveCfg = Release|Any CPU
		{7D47BFF6-387E-4843-BE5E-A399C658F5D8}.Release|x86.Build.0 = Release|Any CPU
		{FBAFFCF1-0E4F-4A5F-9750-84F1B66B2038}.Debug|Any CPU.ActiveCfg = Debug|Any CPU
		{FBAFFCF1-0E4F-4A5F-9750-84F1B66B2038}.Debug|Any CPU.Build.0 = Debug|Any CPU
		{FBAFFCF1-0E4F-4A5F-9750-84F1B66B2038}.Debug|x64.ActiveCfg = Debug|Any CPU
		{FBAFFCF1-0E4F-4A5F-9750-84F1B66B2038}.Debug|x64.Build.0 = Debug|Any CPU
		{FBAFFCF1-0E4F-4A5F-9750-84F1B66B2038}.Debug|x86.ActiveCfg = Debug|Any CPU
		{FBAFFCF1-0E4F-4A5F-9750-84F1B66B2038}.Debug|x86.Build.0 = Debug|Any CPU
		{FBAFFCF1-0E4F-4A5F-9750-84F1B66B2038}.Release|Any CPU.ActiveCfg = Release|Any CPU
		{FBAFFCF1-0E4F-4A5F-9750-84F1B66B2038}.Release|Any CPU.Build.0 = Release|Any CPU
		{FBAFFCF1-0E4F-4A5F-9750-84F1B66B2038}.Release|x64.ActiveCfg = Release|Any CPU
		{FBAFFCF1-0E4F-4A5F-9750-84F1B66B2038}.Release|x64.Build.0 = Release|Any CPU
		{FBAFFCF1-0E4F-4A5F-9750-84F1B66B2038}.Release|x86.ActiveCfg = Release|Any CPU
		{FBAFFCF1-0E4F-4A5F-9750-84F1B66B2038}.Release|x86.Build.0 = Release|Any CPU
		{2B3FDBBC-EAC6-4D9A-AF88-CB0CC0369E66}.Debug|Any CPU.ActiveCfg = Debug|Any CPU
		{2B3FDBBC-EAC6-4D9A-AF88-CB0CC0369E66}.Debug|Any CPU.Build.0 = Debug|Any CPU
		{2B3FDBBC-EAC6-4D9A-AF88-CB0CC0369E66}.Debug|x64.ActiveCfg = Debug|Any CPU
		{2B3FDBBC-EAC6-4D9A-AF88-CB0CC0369E66}.Debug|x64.Build.0 = Debug|Any CPU
		{2B3FDBBC-EAC6-4D9A-AF88-CB0CC0369E66}.Debug|x86.ActiveCfg = Debug|Any CPU
		{2B3FDBBC-EAC6-4D9A-AF88-CB0CC0369E66}.Debug|x86.Build.0 = Debug|Any CPU
		{2B3FDBBC-EAC6-4D9A-AF88-CB0CC0369E66}.Release|Any CPU.ActiveCfg = Release|Any CPU
		{2B3FDBBC-EAC6-4D9A-AF88-CB0CC0369E66}.Release|Any CPU.Build.0 = Release|Any CPU
		{2B3FDBBC-EAC6-4D9A-AF88-CB0CC0369E66}.Release|x64.ActiveCfg = Release|Any CPU
		{2B3FDBBC-EAC6-4D9A-AF88-CB0CC0369E66}.Release|x64.Build.0 = Release|Any CPU
		{2B3FDBBC-EAC6-4D9A-AF88-CB0CC0369E66}.Release|x86.ActiveCfg = Release|Any CPU
		{2B3FDBBC-EAC6-4D9A-AF88-CB0CC0369E66}.Release|x86.Build.0 = Release|Any CPU
	EndGlobalSection
EndGlobal
